
Microsoft Visual Studio Solution File, Format Version 12.00
# Visual Studio 15
VisualStudioVersion = 15.0.28307.1831
MinimumVisualStudioVersion = 10.0.40219.1
Project("{2150E333-8FDC-42A3-9474-1A3956D46DE8}") = "Solution Items", "Solution Items", "{BF07F50C-5D78-4B39-AC13-82C9F065DF4E}"
EndProject
Project("{FAE04EC0-301F-11D3-BF4B-00C04F79EFBC}") = "SmartOnePass", "SmartOnePass.csproj", "{25DCD74E-6198-4F1B-850E-33D2F5E21B54}"
EndProject
Global
	GlobalSection(SolutionConfigurationPlatforms) = preSolution
		Debug|Any CPU = Debug|Any CPU
		Debug|x86 = Debug|x86
		Release|Any CPU = Release|Any CPU
		Release|x86 = Release|x86
	EndGlobalSection
	GlobalSection(ProjectConfigurationPlatforms) = postSolution
		{25DCD74E-6198-4F1B-850E-33D2F5E21B54}.Debug|Any CPU.ActiveCfg = Debug|Any CPU
		{25DCD74E-6198-4F1B-850E-33D2F5E21B54}.Debug|Any CPU.Build.0 = Debug|Any CPU
		{25DCD74E-6198-4F1B-850E-33D2F5E21B54}.Debug|x86.ActiveCfg = Debug|x86
		{25DCD74E-6198-4F1B-850E-33D2F5E21B54}.Debug|x86.Build.0 = Debug|x86
		{25DCD74E-6198-4F1B-850E-33D2F5E21B54}.Release|Any CPU.ActiveCfg = Release|Any CPU
		{25DCD74E-6198-4F1B-850E-33D2F5E21B54}.Release|Any CPU.Build.0 = Release|Any CPU
		{25DCD74E-6198-4F1B-850E-33D2F5E21B54}.Release|x86.ActiveCfg = Release|x86
		{25DCD74E-6198-4F1B-850E-33D2F5E21B54}.Release|x86.Build.0 = Release|x86
	EndGlobalSection
	GlobalSection(SolutionProperties) = preSolution
		HideSolutionNode = FALSE
	EndGlobalSection
	GlobalSection(ExtensibilityGlobals) = postSolution
		SolutionGuid = {F90ABD19-63B6-4749-A470-49B5EB995A1C}
	EndGlobalSection
EndGlobal
